{
  "name": "cogent",
  "lockfileVersion": 3,
  "requires": true,
  "packages": {
    "": {
      "dependencies": {
        "@opentui/core": "^0.4.1",
        "@opentui/react": "^0.4.1",
        "playwright": "^1.61.0"
      }
    },
    "node_modules/@opentui/core": {
      "version": "0.4.1",
      "license": "MIT",
      "dependencies": {
        "bun-ffi-structs": "0.2.3",
        "diff": "9.0.0",
        "marked": "17.0.1",
        "string-width": "7.2.0",
        "strip-ansi": "7.1.2"
      },
      "optionalDependencies": {
        "@opentui/core-darwin-arm64": "0.4.1",
        "@opentui/core-darwin-x64": "0.4.1",
        "@opentui/core-linux-arm64": "0.4.1",
        "@opentui/core-linux-arm64-musl": "0.4.1",
        "@opentui/core-linux-x64": "0.4.1",
        "@opentui/core-linux-x64-musl": "0.4.1",
        "@opentui/core-win32-arm64": "0.4.1",
        "@opentui/core-win32-x64": "0.4.1"
      },
      "peerDependencies": {
        "web-tree-sitter": "0.25.10"
      }
    },
    "node_modules/@opentui/core-darwin-arm64": {
      "version": "0.4.1",
      "resolved": "https://registry.npmjs.org/@opentui/core-darwin-arm64/-/core-darwin-arm64-0.4.1.tgz",
      "integrity": "sha512-ocs73hj9n0zLArOTpUWIXCWU6ERThG+3wQzO78EvfaR4hb5FRrDHGKWTzXpr6ukSKsUtKdztK5XYTPsJ5e3vww==",
      "cpu": [
        "arm64"
      ],
      "license": "MIT",
      "optional": true,
      "os": [
        "darwin"
      ]
    },
    "node_modules/@opentui/core-darwin-x64": {
      "version": "0.4.1",
      "resolved": "https://registry.npmjs.org/@opentui/core-darwin-x64/-/core-darwin-x64-0.4.1.tgz",
      "integrity": "sha512-YogRtDBfxGeOkcSHDMsGkKFBIt3cWPMPGNu2AmEN6a5KKjDYwAZCudwbDJaUbZDCJjfAUHz9iXjhJVXJBXs9vQ==",
      "cpu": [
        "x64"
      ],
      "license": "MIT",
      "optional": true,
      "os": [
        "darwin"
      ]
    },
    "node_modules/@opentui/core-linux-arm64": {
      "version": "0.4.1",
      "resolved": "https://registry.npmjs.org/@opentui/core-linux-arm64/-/core-linux-arm64-0.4.1.tgz",
      "integrity": "sha512-sBZTS1eEGeVSQ8fAmDALKQcT7FckrhK64oHfEO7W0lJ+lXapfJuOKtTM33na54V56GAM9guk4RD4cbPeTXEh4g==",
      "cpu": [
        "arm64"
      ],
      "license": "MIT",
      "optional": true,
      "os": [
        "linux"
      ]
    },
    "node_modules/@opentui/core-linux-arm64-musl": {
      "version": "0.4.1",
      "resolved": "https://registry.npmjs.org/@opentui/core-linux-arm64-musl/-/core-linux-arm64-musl-0.4.1.tgz",
      "integrity": "sha512-Eps9qB+vQ/Lel4ZYqMH87Um9oiU17Vu4oWzvRi40Yf+69vA1a3R4D7KUCeY3OxKWnRnwAHkMU9TxNnjKngPH/w==",
      "cpu": [
        "arm64"
      ],
      "libc": [
        "musl"
      ],
      "license": "MIT",
      "optional": true,
      "os": [
        "linux"
      ]
    },
    "node_modules/@opentui/core-linux-x64": {
      "version": "0.4.1",
      "cpu": [
        "x64"
      ],
      "license": "MIT",
      "optional": true,
      "os": [
        "linux"
      ]
    },
    "node_modules/@opentui/core-linux-x64-musl": {
      "version": "0.4.1",
      "cpu": [
        "x64"
      ],
      "libc": [
        "musl"
      ],
      "license": "MIT",
      "optional": true,
      "os": [
        "linux"
      ]
    },
    "node_modules/@opentui/core-win32-arm64": {
      "version": "0.4.1",
      "resolved": "https://registry.npmjs.org/@opentui/core-win32-arm64/-/core-win32-arm64-0.4.1.tgz",
      "integrity": "sha512-hkIbpUJcKd4iLetTygPlFS45teOBTto49aXuxNeafYQUNd3ehiSwJENNBlAGULLfq+KP3dMJoWUiOcbuPVOQRA==",
      "cpu": [
        "arm64"
      ],
      "license": "MIT",
      "optional": true,
      "os": [
        "win32"
      ]
    },
    "node_modules/@opentui/core-win32-x64": {
      "version": "0.4.1",
      "resolved": "https://registry.npmjs.org/@opentui/core-win32-x64/-/core-win32-x64-0.4.1.tgz",
      "integrity": "sha512-s1kGBcloy4ksl3wFCMqqOUFtXWlTTpzxe6pkLFhFhzgqKsMXHE9pwebiS3pzJkkFUxah5MYG+kbcn2Dw2Gdncg==",
      "cpu": [
        "x64"
      ],
      "license": "MIT",
      "optional": true,
      "os": [
        "win32"
      ]
    },
    "node_modules/@opentui/react": {
      "version": "0.4.1",
      "license": "MIT",
      "dependencies": {
        "@opentui/core": "0.4.1",
        "react-reconciler": "^0.33.0"
      },
      "peerDependencies": {
        "react": ">=19.2.0",
        "react-devtools-core": "^7.0.1",
        "ws": "^8.18.0"
      }
    },
    "node_modules/ansi-regex": {
      "version": "6.2.2",
      "license": "MIT",
      "engines": {
        "node": ">=12"
      },
      "funding": {
        "url": "https://github.com/chalk/ansi-regex?sponsor=1"
      }
    },
    "node_modules/bun-ffi-structs": {
      "version": "0.2.3",
      "license": "MIT",
      "peerDependencies": {
        "typescript": "^5"
      }
    },
    "node_modules/diff": {
      "version": "9.0.0",
      "license": "BSD-3-Clause",
      "engines": {
        "node": ">=0.3.1"
      }
    },
    "node_modules/emoji-regex": {
      "version": "10.6.0",
      "license": "MIT"
    },
    "node_modules/fsevents": {
      "version": "2.3.2",
      "resolved": "https://registry.npmjs.org/fsevents/-/fsevents-2.3.2.tgz",
      "integrity": "sha512-xiqMQR4xAeHTuB9uWm+fFRcIOgKBMiOBP+eXiyT7jsgVCq1bkVygt00oASowB7EdtpOHaaPgKt812P9ab+DDKA==",
      "hasInstallScript": true,
      "license": "MIT",
      "optional": true,
      "os": [
        "darwin"
      ],
      "engines": {
        "node": "^8.16.0 || ^10.6.0 || >=11.0.0"
      }
    },
    "node_modules/get-east-asian-width": {
      "version": "1.6.0",
      "license": "MIT",
      "engines": {
        "node": ">=18"
      },
      "funding": {
        "url": "https://github.com/sponsors/sindresorhus"
      }
    },
    "node_modules/marked": {
      "version": "17.0.1",
      "license": "MIT",
      "bin": {
        "marked": "bin/marked.js"
      },
      "engines": {
        "node": ">= 20"
      }
    },
    "node_modules/playwright": {
      "version": "1.61.0",
      "resolved": "https://registry.npmjs.org/playwright/-/playwright-1.61.0.tgz",
      "integrity": "sha512-Z+7BeeqQPRRzklHsVFP4KTGIyMxKUmfeRA4WisM6G3/XW6nwGeX6fX9qYaDa+CiUqpOkb2f6X3nar05R3kSuJQ==",
      "license": "Apache-2.0",
      "dependencies": {
        "playwright-core": "1.61.0"
      },
      "bin": {
        "playwright": "cli.js"
      },
      "engines": {
        "node": ">=18"
      },
      "optionalDependencies": {
        "fsevents": "2.3.2"
      }
    },
    "node_modules/playwright-core": {
      "version": "1.61.0",
      "resolved": "https://registry.npmjs.org/playwright-core/-/playwright-core-1.61.0.tgz",
      "integrity": "sha512-caX7TrY3Ml6egyDX0WUcTHDxodl/b51y5wJOdCEA36QviK/s2g081hvmGs8eaE3DWb6NYZQ6BjO/QkNRPenoPA==",
      "license": "Apache-2.0",
      "bin": {
        "playwright-core": "cli.js"
      },
      "engines": {
        "node": ">=18"
      }
    },
    "node_modules/react": {
      "version": "19.2.7",
      "license": "MIT",
      "peer": true,
      "engines": {
        "node": ">=0.10.0"
      }
    },
    "node_modules/react-devtools-core": {
      "version": "7.0.1",
      "license": "MIT",
      "peer": true,
      "dependencies": {
        "shell-quote": "^1.6.1",
        "ws": "^7"
      }
    },
    "node_modules/react-devtools-core/node_modules/ws": {
      "version": "7.5.11",
      "license": "MIT",
      "peer": true,
      "engines": {
        "node": ">=8.3.0"
      },
      "peerDependencies": {
        "bufferutil": "^4.0.1",
        "utf-8-validate": "^5.0.2"
      },
      "peerDependenciesMeta": {
        "bufferutil": {
          "optional": true
        },
        "utf-8-validate": {
          "optional": true
        }
      }
    },
    "node_modules/react-reconciler": {
      "version": "0.33.0",
      "license": "MIT",
      "dependencies": {
        "scheduler": "^0.27.0"
      },
      "engines": {
        "node": ">=0.10.0"
      },
      "peerDependencies": {
        "react": "^19.2.0"
      }
    },
    "node_modules/scheduler": {
      "version": "0.27.0",
      "license": "MIT"
    },
    "node_modules/shell-quote": {
      "version": "1.8.4",
      "license": "MIT",
      "peer": true,
      "engines": {
        "node": ">= 0.4"
      },
      "funding": {
        "url": "https://github.com/sponsors/ljharb"
      }
    },
    "node_modules/string-width": {
      "version": "7.2.0",
      "license": "MIT",
      "dependencies": {
        "emoji-regex": "^10.3.0",
        "get-east-asian-width": "^1.0.0",
        "strip-ansi": "^7.1.0"
      },
      "engines": {
        "node": ">=18"
      },
      "funding": {
        "url": "https://github.com/sponsors/sindresorhus"
      }
    },
    "node_modules/strip-ansi": {
      "version": "7.1.2",
      "license": "MIT",
      "dependencies": {
        "ansi-regex": "^6.0.1"
      },
      "engines": {
        "node": ">=12"
      },
      "funding": {
        "url": "https://github.com/chalk/strip-ansi?sponsor=1"
      }
    },
    "node_modules/typescript": {
      "version": "5.9.3",
      "license": "Apache-2.0",
      "peer": true,
      "bin": {
        "tsc": "bin/tsc",
        "tsserver": "bin/tsserver"
      },
      "engines": {
        "node": ">=14.17"
      }
    },
    "node_modules/web-tree-sitter": {
      "version": "0.25.10",
      "license": "MIT",
      "peer": true,
      "peerDependencies": {
        "@types/emscripten": "^1.40.0"
      },
      "peerDependenciesMeta": {
        "@types/emscripten": {
          "optional": true
        }
      }
    },
    "node_modules/ws": {
      "version": "8.21.0",
      "license": "MIT",
      "peer": true,
      "engines": {
        "node": ">=10.0.0"
      },
      "peerDependencies": {
        "bufferutil": "^4.0.1",
        "utf-8-validate": ">=5.0.2"
      },
      "peerDependenciesMeta": {
        "bufferutil": {
          "optional": true
        },
        "utf-8-validate": {
          "optional": true
        }
      }
    }
  }
}
